
Microsoft Visual Studio Solution File, Format Version 12.00
# Visual Studio Version 17
VisualStudioVersion = 17.10.35013.160
MinimumVisualStudioVersion = 10.0.40219.1
Project("{888888A0-9F3D-457C-B088-3A5042F75D52}") = "Grade management System", "Grade Management System.pyproj", "{2FB58EB0-D7A1-445D-BB8A-5C9037BD1D5E}"
EndProject
Global
	GlobalSection(SolutionConfigurationPlatforms) = preSolution
		Debug|Any CPU = Debug|Any CPU
		Release|Any CPU = Release|Any CPU
	EndGlobalSection
	GlobalSection(ProjectConfigurationPlatforms) = postSolution
		{2FB58EB0-D7A1-445D-BB8A-5C9037BD1D5E}.Debug|Any CPU.ActiveCfg = Debug|Any CPU
		{2FB58EB0-D7A1-445D-BB8A-5C9037BD1D5E}.Release|Any CPU.ActiveCfg = Release|Any CPU
	EndGlobalSection
	GlobalSection(SolutionProperties) = preSolution
		HideSolutionNode = FALSE
	EndGlobalSection
	GlobalSection(ExtensibilityGlobals) = postSolution
		SolutionGuid = {435B592E-A106-40F9-A256-65EF7638B886}
	EndGlobalSection
EndGlobal
